
Microsoft Visual Studio Solution File, Format Version 12.00
# Visual Studio Version 17
VisualStudioVersion = 17.6.33801.468
MinimumVisualStudioVersion = 10.0.40219.1
Project("{8BC9CEB8-8B4A-11D0-8D11-00A0C91BC942}") = "jpp", "jpp\jpp.vcxproj", "{F11A69EA-1B16-40DA-BE95-C0B529F84FE1}"
EndProject
Project("{8BC9CEB8-8B4A-11D0-8D11-00A0C91BC942}") = "Analytics", "Analytics\Analytics.vcxproj", "{F3CD258F-828B-4F29-A6D0-0931C5BD1A47}"
EndProject
Global
	GlobalSection(SolutionConfigurationPlatforms) = preSolution
		Debug|x64 = Debug|x64
		Debug|x86 = Debug|x86
		Release|x64 = Release|x64
		Release|x86 = Release|x86
	EndGlobalSection
	GlobalSection(ProjectConfigurationPlatforms) = postSolution
		{F11A69EA-1B16-40DA-BE95-C0B529F84FE1}.Debug|x64.ActiveCfg = Debug|x64
		{F11A69EA-1B16-40DA-BE95-C0B529F84FE1}.Debug|x64.Build.0 = Debug|x64
		{F11A69EA-1B16-40DA-BE95-C0B529F84FE1}.Debug|x86.ActiveCfg = Debug|Win32
		{F11A69EA-1B16-40DA-BE95-C0B529F84FE1}.Debug|x86.Build.0 = Debug|Win32
		{F11A69EA-1B16-40DA-BE95-C0B529F84FE1}.Release|x64.ActiveCfg = Release|x64
		{F11A69EA-1B16-40DA-BE95-C0B529F84FE1}.Release|x64.Build.0 = Release|x64
		{F11A69EA-1B16-40DA-BE95-C0B529F84FE1}.Release|x86.ActiveCfg = Release|Win32
		{F11A69EA-1B16-40DA-BE95-C0B529F84FE1}.Release|x86.Build.0 = Release|Win32
		{F3CD258F-828B-4F29-A6D0-0931C5BD1A47}.Debug|x64.ActiveCfg = Debug|x64
		{F3CD258F-828B-4F29-A6D0-0931C5BD1A47}.Debug|x64.Build.0 = Debug|x64
		{F3CD258F-828B-4F29-A6D0-0931C5BD1A47}.Debug|x86.ActiveCfg = Debug|Win32
		{F3CD258F-828B-4F29-A6D0-0931C5BD1A47}.Debug|x86.Build.0 = Debug|Win32
		{F3CD258F-828B-4F29-A6D0-0931C5BD1A47}.Release|x64.ActiveCfg = Release|x64
		{F3CD258F-828B-4F29-A6D0-0931C5BD1A47}.Release|x64.Build.0 = Release|x64
		{F3CD258F-828B-4F29-A6D0-0931C5BD1A47}.Release|x86.ActiveCfg = Release|Win32
		{F3CD258F-828B-4F29-A6D0-0931C5BD1A47}.Release|x86.Build.0 = Release|Win32
	EndGlobalSection
	GlobalSection(SolutionProperties) = preSolution
		HideSolutionNode = FALSE
	EndGlobalSection
	GlobalSection(ExtensibilityGlobals) = postSolution
		SolutionGuid = {72F84F4E-1F75-4324-B157-49700A63191A}
	EndGlobalSection
EndGlobal
